
Microsoft Visual Studio Solution File, Format Version 12.00
# Visual Studio 15
VisualStudioVersion = 15.0.27130.2027
MinimumVisualStudioVersion = 10.0.40219.1
Project("{FAE04EC0-301F-11D3-BF4B-00C04F79EFBC}") = "SyncPro.Core", "SyncPro.Core\SyncPro.Core.csproj", "{DE859CDC-6879-4C28-AB26-354806276E04}"
EndProject
Project("{FAE04EC0-301F-11D3-BF4B-00C04F79EFBC}") = "SyncPro.UnitTests", "SyncPro.UnitTests\SyncPro.UnitTests.csproj", "{3C8EB882-B735-49AC-BB0D-9C78A120295A}"
EndProject
Project("{2150E333-8FDC-42A3-9474-1A3956D46DE8}") = "Utilities", "Utilities", "{2B1F0A5A-D3DD-4A43-8DD7-3856B773B36A}"
EndProject
Project("{FAE04EC0-301F-11D3-BF4B-00C04F79EFBC}") = "OneDriveTokenHelper", "OneDriveTokenHelper\OneDriveTokenHelper.csproj", "{A6727CD7-8703-432C-95A8-36666AFF583B}"
EndProject
Project("{FAE04EC0-301F-11D3-BF4B-00C04F79EFBC}") = "SyncPro.UI", "SyncPro.UI\SyncPro.UI.csproj", "{1B87A69A-1070-4948-BA38-F400735E81F6}"
	ProjectSection(ProjectDependencies) = postProject
		{E6B13763-4727-4872-B78B-271E2C361A5B} = {E6B13763-4727-4872-B78B-271E2C361A5B}
	EndProjectSection
EndProject
Project("{FAE04EC0-301F-11D3-BF4B-00C04F79EFBC}") = "SyncPro.Cmd", "SyncPro.Cmd\SyncPro.Cmd.csproj", "{FC0A577A-2461-4F0A-8674-E177DF5E284B}"
EndProject
Project("{FAE04EC0-301F-11D3-BF4B-00C04F79EFBC}") = "SyncPro.Cmdlets", "SyncPro.Cmdlets\SyncPro.Cmdlets.csproj", "{E6B13763-4727-4872-B78B-271E2C361A5B}"
EndProject
Project("{FAE04EC0-301F-11D3-BF4B-00C04F79EFBC}") = "SyncPro.Tracing", "SyncPro.Tracing\SyncPro.Tracing.csproj", "{CE6A7780-BC06-4818-B15F-8DAD91032A71}"
EndProject
Project("{FAE04EC0-301F-11D3-BF4B-00C04F79EFBC}") = "SyncPro.Adapters.BackblazeB2", "SyncPro.Adapters.BackblazeB2\SyncPro.Adapters.BackblazeB2.csproj", "{1C8E36DE-25A1-4C36-A811-57DF246E134A}"
EndProject
Project("{FAE04EC0-301F-11D3-BF4B-00C04F79EFBC}") = "SyncPro.Runtime", "SyncPro.Runtime\SyncPro.Runtime.csproj", "{364EDBB6-6620-4AFE-B68B-6322E414F1BE}"
EndProject
Project("{FAE04EC0-301F-11D3-BF4B-00C04F79EFBC}") = "SyncPro.Adapters.MicrosoftOneDrive", "SyncPro.Adapters.MicrosoftOneDrive\SyncPro.Adapters.MicrosoftOneDrive.csproj", "{DD9793A5-EA69-4A43-9907-48F6B58CB151}"
EndProject
Project("{FAE04EC0-301F-11D3-BF4B-00C04F79EFBC}") = "SyncPro.Adapters.GoogleDrive", "SyncPro.Adapters.GoogleDrive\SyncPro.Adapters.GoogleDrive.csproj", "{CB8D31B8-F673-446F-B2B1-2050D89E4B74}"
EndProject
Project("{FAE04EC0-301F-11D3-BF4B-00C04F79EFBC}") = "SyncPro.Adapters.WindowsFileSystem", "SyncPro.Adapters.WindowsFileSystem\SyncPro.Adapters.WindowsFileSystem.csproj", "{3475A78F-4AEB-4070-BBBB-4A8EFEC03E64}"
EndProject
Project("{FAE04EC0-301F-11D3-BF4B-00C04F79EFBC}") = "SyncPro.Certificates", "SyncPro.Certificates\SyncPro.Certificates.csproj", "{11FEBC64-EE05-4095-BD49-9FC7FABCC1DF}"
EndProject
Project("{FAE04EC0-301F-11D3-BF4B-00C04F79EFBC}") = "SyncProLogViewer", "SyncProLogViewer\SyncProLogViewer.csproj", "{F1F0285E-B3C3-4E05-9786-E775DE11F92C}"
EndProject
Project("{2150E333-8FDC-42A3-9474-1A3956D46DE8}") = "Solution Items", "Solution Items", "{22C34D6B-3252-43D2-81DA-7379CEA51885}"
	ProjectSection(SolutionItems) = preProject
		README.md = README.md
	EndProjectSection
EndProject
Global
	GlobalSection(SolutionConfigurationPlatforms) = preSolution
		Debug|Any CPU = Debug|Any CPU
		Release|Any CPU = Release|Any CPU
	EndGlobalSection
	GlobalSection(ProjectConfigurationPlatforms) = postSolution
		{DE859CDC-6879-4C28-AB26-354806276E04}.Debug|Any CPU.ActiveCfg = Debug|Any CPU
		{DE859CDC-6879-4C28-AB26-354806276E04}.Debug|Any CPU.Build.0 = Debug|Any CPU
		{DE859CDC-6879-4C28-AB26-354806276E04}.Release|Any CPU.ActiveCfg = Release|Any CPU
		{DE859CDC-6879-4C28-AB26-354806276E04}.Release|Any CPU.Build.0 = Release|Any CPU
		{3C8EB882-B735-49AC-BB0D-9C78A120295A}.Debug|Any CPU.ActiveCfg = Debug|Any CPU
		{3C8EB882-B735-49AC-BB0D-9C78A120295A}.Debug|Any CPU.Build.0 = Debug|Any CPU
		{3C8EB882-B735-49AC-BB0D-9C78A120295A}.Release|Any CPU.ActiveCfg = Release|Any CPU
		{3C8EB882-B735-49AC-BB0D-9C78A120295A}.Release|Any CPU.Build.0 = Release|Any CPU
		{A6727CD7-8703-432C-95A8-36666AFF583B}.Debug|Any CPU.ActiveCfg = Debug|Any CPU
		{A6727CD7-8703-432C-95A8-36666AFF583B}.Debug|Any CPU.Build.0 = Debug|Any CPU
		{A6727CD7-8703-432C-95A8-36666AFF583B}.Release|Any CPU.ActiveCfg = Release|Any CPU
		{A6727CD7-8703-432C-95A8-36666AFF583B}.Release|Any CPU.Build.0 = Release|Any CPU
		{1B87A69A-1070-4948-BA38-F400735E81F6}.Debug|Any CPU.ActiveCfg = Debug|Any CPU
		{1B87A69A-1070-4948-BA38-F400735E81F6}.Debug|Any CPU.Build.0 = Debug|Any CPU
		{1B87A69A-1070-4948-BA38-F400735E81F6}.Release|Any CPU.ActiveCfg = Release|Any CPU
		{1B87A69A-1070-4948-BA38-F400735E81F6}.Release|Any CPU.Build.0 = Release|Any CPU
		{FC0A577A-2461-4F0A-8674-E177DF5E284B}.Debug|Any CPU.ActiveCfg = Debug|Any CPU
		{FC0A577A-2461-4F0A-8674-E177DF5E284B}.Debug|Any CPU.Build.0 = Debug|Any CPU
		{FC0A577A-2461-4F0A-8674-E177DF5E284B}.Release|Any CPU.ActiveCfg = Release|Any CPU
		{FC0A577A-2461-4F0A-8674-E177DF5E284B}.Release|Any CPU.Build.0 = Release|Any CPU
		{E6B13763-4727-4872-B78B-271E2C361A5B}.Debug|Any CPU.ActiveCfg = Debug|Any CPU
		{E6B13763-4727-4872-B78B-271E2C361A5B}.Debug|Any CPU.Build.0 = Debug|Any CPU
		{E6B13763-4727-4872-B78B-271E2C361A5B}.Release|Any CPU.ActiveCfg = Release|Any CPU
		{E6B13763-4727-4872-B78B-271E2C361A5B}.Release|Any CPU.Build.0 = Release|Any CPU
		{CE6A7780-BC06-4818-B15F-8DAD91032A71}.Debug|Any CPU.ActiveCfg = Debug|Any CPU
		{CE6A7780-BC06-4818-B15F-8DAD91032A71}.Debug|Any CPU.Build.0 = Debug|Any CPU
		{CE6A7780-BC06-4818-B15F-8DAD91032A71}.Release|Any CPU.ActiveCfg = Release|Any CPU
		{CE6A7780-BC06-4818-B15F-8DAD91032A71}.Release|Any CPU.Build.0 = Release|Any CPU
		{1C8E36DE-25A1-4C36-A811-57DF246E134A}.Debug|Any CPU.ActiveCfg = Debug|Any CPU
		{1C8E36DE-25A1-4C36-A811-57DF246E134A}.Debug|Any CPU.Build.0 = Debug|Any CPU
		{1C8E36DE-25A1-4C36-A811-57DF246E134A}.Release|Any CPU.ActiveCfg = Release|Any CPU
		{1C8E36DE-25A1-4C36-A811-57DF246E134A}.Release|Any CPU.Build.0 = Release|Any CPU
		{364EDBB6-6620-4AFE-B68B-6322E414F1BE}.Debug|Any CPU.ActiveCfg = Debug|Any CPU
		{364EDBB6-6620-4AFE-B68B-6322E414F1BE}.Debug|Any CPU.Build.0 = Debug|Any CPU
		{364EDBB6-6620-4AFE-B68B-6322E414F1BE}.Release|Any CPU.ActiveCfg = Release|Any CPU
		{364EDBB6-6620-4AFE-B68B-6322E414F1BE}.Release|Any CPU.Build.0 = Release|Any CPU
		{DD9793A5-EA69-4A43-9907-48F6B58CB151}.Debug|Any CPU.ActiveCfg = Debug|Any CPU
		{DD9793A5-EA69-4A43-9907-48F6B58CB151}.Debug|Any CPU.Build.0 = Debug|Any CPU
		{DD9793A5-EA69-4A43-9907-48F6B58CB151}.Release|Any CPU.ActiveCfg = Release|Any CPU
		{DD9793A5-EA69-4A43-9907-48F6B58CB151}.Release|Any CPU.Build.0 = Release|Any CPU
		{CB8D31B8-F673-446F-B2B1-2050D89E4B74}.Debug|Any CPU.ActiveCfg = Debug|Any CPU
		{CB8D31B8-F673-446F-B2B1-2050D89E4B74}.Debug|Any CPU.Build.0 = Debug|Any CPU
		{CB8D31B8-F673-446F-B2B1-2050D89E4B74}.Release|Any CPU.ActiveCfg = Release|Any CPU
		{CB8D31B8-F673-446F-B2B1-2050D89E4B74}.Release|Any CPU.Build.0 = Release|Any CPU
		{3475A78F-4AEB-4070-BBBB-4A8EFEC03E64}.Debug|Any CPU.ActiveCfg = Debug|Any CPU
		{3475A78F-4AEB-4070-BBBB-4A8EFEC03E64}.Debug|Any CPU.Build.0 = Debug|Any CPU
		{3475A78F-4AEB-4070-BBBB-4A8EFEC03E64}.Release|Any CPU.ActiveCfg = Release|Any CPU
		{3475A78F-4AEB-4070-BBBB-4A8EFEC03E64}.Release|Any CPU.Build.0 = Release|Any CPU
		{11FEBC64-EE05-4095-BD49-9FC7FABCC1DF}.Debug|Any CPU.ActiveCfg = Debug|Any CPU
		{11FEBC64-EE05-4095-BD49-9FC7FABCC1DF}.Debug|Any CPU.Build.0 = Debug|Any CPU
		{11FEBC64-EE05-4095-BD49-9FC7FABCC1DF}.Release|Any CPU.ActiveCfg = Release|Any CPU
		{11FEBC64-EE05-4095-BD49-9FC7FABCC1DF}.Release|Any CPU.Build.0 = Release|Any CPU
		{F1F0285E-B3C3-4E05-9786-E775DE11F92C}.Debug|Any CPU.ActiveCfg = Debug|Any CPU
		{F1F0285E-B3C3-4E05-9786-E775DE11F92C}.Debug|Any CPU.Build.0 = Debug|Any CPU
		{F1F0285E-B3C3-4E05-9786-E775DE11F92C}.Release|Any CPU.ActiveCfg = Release|Any CPU
		{F1F0285E-B3C3-4E05-9786-E775DE11F92C}.Release|Any CPU.Build.0 = Release|Any CPU
	EndGlobalSection
	GlobalSection(SolutionProperties) = preSolution
		HideSolutionNode = FALSE
	EndGlobalSection
	GlobalSection(NestedProjects) = preSolution
		{A6727CD7-8703-432C-95A8-36666AFF583B} = {2B1F0A5A-D3DD-4A43-8DD7-3856B773B36A}
		{F1F0285E-B3C3-4E05-9786-E775DE11F92C} = {2B1F0A5A-D3DD-4A43-8DD7-3856B773B36A}
	EndGlobalSection
	GlobalSection(ExtensibilityGlobals) = postSolution
		SolutionGuid = {3B8516F6-2B1B-4634-BCAD-A2CC2E7E0803}
	EndGlobalSection
EndGlobal
